// !$*UTF8*$!
{
	archiveVersion = 1;
	classes = {
	};
	objectVersion = 46;
	objects = {

/* Begin PBXBuildFile section */
		A0862B5CA1B1E5A6BE83CC1E /* Pods_weather.framework in Frameworks */ = {isa = PBXBuildFile; fileRef = 668B012D7BE913A33176EEAF /* Pods_weather.framework */; };
		D346294A1C819AB60095514B /* AppDelegate.swift in Sources */ = {isa = PBXBuildFile; fileRef = D34629491C819AB60095514B /* AppDelegate.swift */; };
		D346294C1C819AB60095514B /* ViewController.swift in Sources */ = {isa = PBXBuildFile; fileRef = D346294B1C819AB60095514B /* ViewController.swift */; };
		D346294F1C819AB60095514B /* Main.storyboard in Resources */ = {isa = PBXBuildFile; fileRef = D346294D1C819AB60095514B /* Main.storyboard */; };
		D34629511C819AB60095514B /* Assets.xcassets in Resources */ = {isa = PBXBuildFile; fileRef = D34629501C819AB60095514B /* Assets.xcassets */; };
		D34629541C819AB60095514B /* LaunchScreen.storyboard in Resources */ = {isa = PBXBuildFile; fileRef = D34629521C819AB60095514B /* LaunchScreen.storyboard */; };
		D346295C1C819C150095514B /* weatherfont.ttf in Resources */ = {isa = PBXBuildFile; fileRef = D346295B1C819C150095514B /* weatherfont.ttf */; };
		D346295F1C819E770095514B /* OpenSans-Light.ttf in Resources */ = {isa = PBXBuildFile; fileRef = D346295D1C819E770095514B /* OpenSans-Light.ttf */; };
		D34629601C819E770095514B /* OpenSans-Regular.ttf in Resources */ = {isa = PBXBuildFile; fileRef = D346295E1C819E770095514B /* OpenSans-Regular.ttf */; };
		D35630661C81E4120081654A /* Constants.swift in Sources */ = {isa = PBXBuildFile; fileRef = D35630651C81E4120081654A /* Constants.swift */; };
		D35630681C81E5920081654A /* Weather.swift in Sources */ = {isa = PBXBuildFile; fileRef = D35630671C81E5920081654A /* Weather.swift */; };
/* End PBXBuildFile section */

/* Begin PBXFileReference section */
		668B012D7BE913A33176EEAF /* Pods_weather.framework */ = {isa = PBXFileReference; explicitFileType = wrapper.framework; includeInIndex = 0; path = Pods_weather.framework; sourceTree = BUILT_PRODUCTS_DIR; };
		83B6B047C7B0811BCF790DA5 /* Pods-weather.debug.xcconfig */ = {isa = PBXFileReference; includeInIndex = 1; lastKnownFileType = text.xcconfig; name = "Pods-weather.debug.xcconfig"; path = "Pods/Target Support Files/Pods-weather/Pods-weather.debug.xcconfig"; sourceTree = "<group>"; };
		D34629461C819AB60095514B /* weather.app */ = {isa = PBXFileReference; explicitFileType = wrapper.application; includeInIndex = 0; path = weather.app; sourceTree = BUILT_PRODUCTS_DIR; };
		D34629491C819AB60095514B /* AppDelegate.swift */ = {isa = PBXFileReference; lastKnownFileType = sourcecode.swift; path = AppDelegate.swift; sourceTree = "<group>"; };
		D346294B1C819AB60095514B /* ViewController.swift */ = {isa = PBXFileReference; lastKnownFileType = sourcecode.swift; path = ViewController.swift; sourceTree = "<group>"; };
		D346294E1C819AB60095514B /* Base */ = {isa = PBXFileReference; lastKnownFileType = file.storyboard; name = Base; path = Base.lproj/Main.storyboard; sourceTree = "<group>"; };
		D34629501C819AB60095514B /* Assets.xcassets */ = {isa = PBXFileReference; lastKnownFileType = folder.assetcatalog; path = Assets.xcassets; sourceTree = "<group>"; };
		D34629531C819AB60095514B /* Base */ = {isa = PBXFileReference; lastKnownFileType = file.storyboard; name = Base; path = Base.lproj/LaunchScreen.storyboard; sourceTree = "<group>"; };
		D34629551C819AB60095514B /* Info.plist */ = {isa = PBXFileReference; lastKnownFileType = text.plist.xml; path = Info.plist; sourceTree = "<group>"; };
		D346295B1C819C150095514B /* weatherfont.ttf */ = {isa = PBXFileReference; lastKnownFileType = file; path = weatherfont.ttf; sourceTree = "<group>"; };
		D346295D1C819E770095514B /* OpenSans-Light.ttf */ = {isa = PBXFileReference; lastKnownFileType = file; path = "OpenSans-Light.ttf"; sourceTree = "<group>"; };
		D346295E1C819E770095514B /* OpenSans-Regular.ttf */ = {isa = PBXFileReference; lastKnownFileType = file; path = "OpenSans-Regular.ttf"; sourceTree = "<group>"; };
		D35630651C81E4120081654A /* Constants.swift */ = {isa = PBXFileReference; fileEncoding = 4; lastKnownFileType = sourcecode.swift; path = Constants.swift; sourceTree = "<group>"; };
		D35630671C81E5920081654A /* Weather.swift */ = {isa = PBXFileReference; fileEncoding = 4; lastKnownFileType = sourcecode.swift; path = Weather.swift; sourceTree = "<group>"; };
		E7769B64307563E57180C25B /* Pods-weather.release.xcconfig */ = {isa = PBXFileReference; includeInIndex = 1; lastKnownFileType = text.xcconfig; name = "Pods-weather.release.xcconfig"; path = "Pods/Target Support Files/Pods-weather/Pods-weather.release.xcconfig"; sourceTree = "<group>"; };
/* End PBXFileReference section */

/* Begin PBXFrameworksBuildPhase section */
		D34629431C819AB60095514B /* Frameworks */ = {
			isa = PBXFrameworksBuildPhase;
			buildActionMask = 2147483647;
			files = (
				A0862B5CA1B1E5A6BE83CC1E /* Pods_weather.framework in Frameworks */,
			);
			runOnlyForDeploymentPostprocessing = 0;
		};
/* End PBXFrameworksBuildPhase section */

/* Begin PBXGroup section */
		7478EB8B279D7F547417BB24 /* Pods */ = {
			isa = PBXGroup;
			children = (
				83B6B047C7B0811BCF790DA5 /* Pods-weather.debug.xcconfig */,
				E7769B64307563E57180C25B /* Pods-weather.release.xcconfig */,
			);
			name = Pods;
			sourceTree = "<group>";
		};
		D346293D1C819AB60095514B = {
			isa = PBXGroup;
			children = (
				D34629481C819AB60095514B /* weather */,
				D34629471C819AB60095514B /* Products */,
				7478EB8B279D7F547417BB24 /* Pods */,
				D524605756B7B7C287E1B20D /* Frameworks */,
			);
			sourceTree = "<group>";
		};
		D34629471C819AB60095514B /* Products */ = {
			isa = PBXGroup;
			children = (
				D34629461C819AB60095514B /* weather.app */,
			);
			name = Products;
			sourceTree = "<group>";
		};
		D34629481C819AB60095514B /* weather */ = {
			isa = PBXGroup;
			children = (
				D35630631C81E21F0081654A /* Model */,
				D35630621C81E2160081654A /* View */,
				D35630611C81E20A0081654A /* Controller */,
				D34629491C819AB60095514B /* AppDelegate.swift */,
				D34629501C819AB60095514B /* Assets.xcassets */,
				D35630641C81E2260081654A /* Util */,
				D35630601C81E1FE0081654A /* Resources */,
				D34629551C819AB60095514B /* Info.plist */,
			);
			path = weather;
			sourceTree = "<group>";
		};
		D35630601C81E1FE0081654A /* Resources */ = {
			isa = PBXGroup;
			children = (
				D346295B1C819C150095514B /* weatherfont.ttf */,
				D346295D1C819E770095514B /* OpenSans-Light.ttf */,
				D346295E1C819E770095514B /* OpenSans-Regular.ttf */,
			);
			name = Resources;
			sourceTree = "<group>";
		};
		D35630611C81E20A0081654A /* Controller */ = {
			isa = PBXGroup;
			children = (
				D346294B1C819AB60095514B /* ViewController.swift */,
			);
			name = Controller;
			sourceTree = "<group>";
		};
		D35630621C81E2160081654A /* View */ = {
			isa = PBXGroup;
			children = (
				D346294D1C819AB60095514B /* Main.storyboard */,
				D34629521C819AB60095514B /* LaunchScreen.storyboard */,
			);
			name = View;
			sourceTree = "<group>";
		};
		D35630631C81E21F0081654A /* Model */ = {
			isa = PBXGroup;
			children = (
				D35630671C81E5920081654A /* Weather.swift */,
			);
			name = Model;
			sourceTree = "<group>";
		};
		D35630641C81E2260081654A /* Util */ = {
			isa = PBXGroup;
			children = (
				D35630651C81E4120081654A /* Constants.swift */,
			);
			name = Util;
			sourceTree = "<group>";
		};
		D524605756B7B7C287E1B20D /* Frameworks */ = {
			isa = PBXGroup;
			children = (
				668B012D7BE913A33176EEAF /* Pods_weather.framework */,
			);
			name = Frameworks;
			sourceTree = "<group>";
		};
/* End PBXGroup section */

/* Begin PBXNativeTarget section */
		D34629451C819AB60095514B /* weather */ = {
			isa = PBXNativeTarget;
			buildConfigurationList = D34629581C819AB60095514B /* Build configuration list for PBXNativeTarget "weather" */;
			buildPhases = (
				59CC0844B67C8A43C1DB738C /* Check Pods Manifest.lock */,
				D34629421C819AB60095514B /* Sources */,
				D34629431C819AB60095514B /* Frameworks */,
				D34629441C819AB60095514B /* Resources */,
				306516DC9D47431599FA0F5C /* Embed Pods Frameworks */,
				3F7E1183502D89188651A68D /* Copy Pods Resources */,
			);
			buildRules = (
			);
			dependencies = (
			);
			name = weather;
			productName = weather;
			productReference = D34629461C819AB60095514B /* weather.app */;
			productType = "com.apple.product-type.application";
		};
/* End PBXNativeTarget section */

/* Begin PBXProject section */
		D346293E1C819AB60095514B /* Project object */ = {
			isa = PBXProject;
			attributes = {
				LastSwiftUpdateCheck = 0720;
				LastUpgradeCheck = 0720;
				ORGANIZATIONNAME = Swiftbook;
				TargetAttributes = {
					D34629451C819AB60095514B = {
						CreatedOnToolsVersion = 7.2.1;
						DevelopmentTeam = RSP6CG5CBK;
					};
				};
			};
			buildConfigurationList = D34629411C819AB60095514B /* Build configuration list for PBXProject "weather" */;
			compatibilityVersion = "Xcode 3.2";
			developmentRegion = English;
			hasScannedForEncodings = 0;
			knownRegions = (
				en,
				Base,
			);
			mainGroup = D346293D1C819AB60095514B;
			productRefGroup = D34629471C819AB60095514B /* Products */;
			projectDirPath = "";
			projectRoot = "";
			targets = (
				D34629451C819AB60095514B /* weather */,
			);
		};
/* End PBXProject section */

/* Begin PBXResourcesBuildPhase section */
		D34629441C819AB60095514B /* Resources */ = {
			isa = PBXResourcesBuildPhase;
			buildActionMask = 2147483647;
			files = (
				D34629541C819AB60095514B /* LaunchScreen.storyboard in Resources */,
				D34629511C819AB60095514B /* Assets.xcassets in Resources */,
				D346295C1C819C150095514B /* weatherfont.ttf in Resources */,
				D346295F1C819E770095514B /* OpenSans-Light.ttf in Resources */,
				D34629601C819E770095514B /* OpenSans-Regular.ttf in Resources */,
				D346294F1C819AB60095514B /* Main.storyboard in Resources */,
			);
			runOnlyForDeploymentPostprocessing = 0;
		};
/* End PBXResourcesBuildPhase section */

/* Begin PBXShellScriptBuildPhase section */
		306516DC9D47431599FA0F5C /* Embed Pods Frameworks */ = {
			isa = PBXShellScriptBuildPhase;
			buildActionMask = 2147483647;
			files = (
			);
			inputPaths = (
			);
			name = "Embed Pods Frameworks";
			outputPaths = (
			);
			runOnlyForDeploymentPostprocessing = 0;
			shellPath = /bin/sh;
			shellScript = "\"${SRCROOT}/Pods/Target Support Files/Pods-weather/Pods-weather-frameworks.sh\"\n";
			showEnvVarsInLog = 0;
		};
		3F7E1183502D89188651A68D /* Copy Pods Resources */ = {
			isa = PBXShellScriptBuildPhase;
			buildActionMask = 2147483647;
			files = (
			);
			inputPaths = (
			);
			name = "Copy Pods Resources";
			outputPaths = (
			);
			runOnlyForDeploymentPostprocessing = 0;
			shellPath = /bin/sh;
			shellScript = "\"${SRCROOT}/Pods/Target Support Files/Pods-weather/Pods-weather-resources.sh\"\n";
			showEnvVarsInLog = 0;
		};
		59CC0844B67C8A43C1DB738C /* Check Pods Manifest.lock */ = {
			isa = PBXShellScriptBuildPhase;
			buildActionMask = 2147483647;
			files = (
			);
			inputPaths = (
			);
			name = "Check Pods Manifest.lock";
			outputPaths = (
			);
			runOnlyForDeploymentPostprocessing = 0;
			shellPath = /bin/sh;
			shellScript = "diff \"${PODS_ROOT}/../Podfile.lock\" \"${PODS_ROOT}/Manifest.lock\" > /dev/null\nif [[ $? != 0 ]] ; then\n    cat << EOM\nerror: The sandbox is not in sync with the Podfile.lock. Run 'pod install' or update your CocoaPods installation.\nEOM\n    exit 1\nfi\n";
			showEnvVarsInLog = 0;
		};
/* End PBXShellScriptBuildPhase section */

/* Begin PBXSourcesBuildPhase section */
		D34629421C819AB60095514B /* Sources */ = {
			isa = PBXSourcesBuildPhase;
			buildActionMask = 2147483647;
			files = (
				D35630681C81E5920081654A /* Weather.swift in Sources */,
				D346294C1C819AB60095514B /* ViewController.swift in Sources */,
				D346294A1C819AB60095514B /* AppDelegate.swift in Sources */,
				D35630661C81E4120081654A /* Constants.swift in Sources */,
			);
			runOnlyForDeploymentPostprocessing = 0;
		};
/* End PBXSourcesBuildPhase section */

/* Begin PBXVariantGroup section */
		D346294D1C819AB60095514B /* Main.storyboard */ = {
			isa = PBXVariantGroup;
			children = (
				D346294E1C819AB60095514B /* Base */,
			);
			name = Main.storyboard;
			sourceTree = "<group>";
		};
		D34629521C819AB60095514B /* LaunchScreen.storyboard */ = {
			isa = PBXVariantGroup;
			children = (
				D34629531C819AB60095514B /* Base */,
			);
			name = LaunchScreen.storyboard;
			sourceTree = "<group>";
		};
/* End PBXVariantGroup section */

/* Begin XCBuildConfiguration section */
		D34629561C819AB60095514B /* Debug */ = {
			isa = XCBuildConfiguration;
			buildSettings = {
				ALWAYS_SEARCH_USER_PATHS = NO;
				CLANG_CXX_LANGUAGE_STANDARD = "gnu++0x";
				CLANG_CXX_LIBRARY = "libc++";
				CLANG_ENABLE_MODULES = YES;
				CLANG_ENABLE_OBJC_ARC = YES;
				CLANG_WARN_BOOL_CONVERSION = YES;
				CLANG_WARN_CONSTANT_CONVERSION = YES;
				CLANG_WARN_DIRECT_OBJC_ISA_USAGE = YES_ERROR;
				CLANG_WARN_EMPTY_BODY = YES;
				CLANG_WARN_ENUM_CONVERSION = YES;
				CLANG_WARN_INT_CONVERSION = YES;
				CLANG_WARN_OBJC_ROOT_CLASS = YES_ERROR;
				CLANG_WARN_UNREACHABLE_CODE = YES;
				CLANG_WARN__DUPLICATE_METHOD_MATCH = YES;
				"CODE_SIGN_IDENTITY[sdk=iphoneos*]" = "iPhone Developer";
				COPY_PHASE_STRIP = NO;
				DEBUG_INFORMATION_FORMAT = dwarf;
				ENABLE_STRICT_OBJC_MSGSEND = YES;
				ENABLE_TESTABILITY = YES;
				GCC_C_LANGUAGE_STANDARD = gnu99;
				GCC_DYNAMIC_NO_PIC = NO;
				GCC_NO_COMMON_BLOCKS = YES;
				GCC_OPTIMIZATION_LEVEL = 0;
				GCC_PREPROCESSOR_DEFINITIONS = (
					"DEBUG=1",
					"$(inherited)",
				);
				GCC_WARN_64_TO_32_BIT_CONVERSION = YES;
				GCC_WARN_ABOUT_RETURN_TYPE = YES_ERROR;
				GCC_WARN_UNDECLARED_SELECTOR = YES;
				GCC_WARN_UNINITIALIZED_AUTOS = YES_AGGRESSIVE;
				GCC_WARN_UNUSED_FUNCTION = YES;
				GCC_WARN_UNUSED_VARIABLE = YES;
				IPHONEOS_DEPLOYMENT_TARGET = 9.2;
				MTL_ENABLE_DEBUG_INFO = YES;
				ONLY_ACTIVE_ARCH = YES;
				SDKROOT = iphoneos;
				SWIFT_OPTIMIZATION_LEVEL = "-Onone";
				TARGETED_DEVICE_FAMILY = "1,2";
			};
			name = Debug;
		};
		D34629571C819AB60095514B /* Release */ = {
			isa = XCBuildConfiguration;
			buildSettings = {
				ALWAYS_SEARCH_USER_PATHS = NO;
				CLANG_CXX_LANGUAGE_STANDARD = "gnu++0x";
				CLANG_CXX_LIBRARY = "libc++";
				CLANG_ENABLE_MODULES = YES;
				CLANG_ENABLE_OBJC_ARC = YES;
				CLANG_WARN_BOOL_CONVERSION = YES;
				CLANG_WARN_CONSTANT_CONVERSION = YES;
				CLANG_WARN_DIRECT_OBJC_ISA_USAGE = YES_ERROR;
				CLANG_WARN_EMPTY_BODY = YES;
				CLANG_WARN_ENUM_CONVERSION = YES;
				CLANG_WARN_INT_CONVERSION = YES;
				CLANG_WARN_OBJC_ROOT_CLASS = YES_ERROR;
				CLANG_WARN_UNREACHABLE_CODE = YES;
				CLANG_WARN__DUPLICATE_METHOD_MATCH = YES;
				"CODE_SIGN_IDENTITY[sdk=iphoneos*]" = "iPhone Developer";
				COPY_PHASE_STRIP = NO;
				DEBUG_INFORMATION_FORMAT = "dwarf-with-dsym";
				ENABLE_NS_ASSERTIONS = NO;
				ENABLE_STRICT_OBJC_MSGSEND = YES;
				GCC_C_LANGUAGE_STANDARD = gnu99;
				GCC_NO_COMMON_BLOCKS = YES;
				GCC_WARN_64_TO_32_BIT_CONVERSION = YES;
				GCC_WARN_ABOUT_RETURN_TYPE = YES_ERROR;
				GCC_WARN_UNDECLARED_SELECTOR = YES;
				GCC_WARN_UNINITIALIZED_AUTOS = YES_AGGRESSIVE;
				GCC_WARN_UNUSED_FUNCTION = YES;
				GCC_WARN_UNUSED_VARIABLE = YES;
				IPHONEOS_DEPLOYMENT_TARGET = 9.2;
				MTL_ENABLE_DEBUG_INFO = NO;
				SDKROOT = iphoneos;
				TARGETED_DEVICE_FAMILY = "1,2";
				VALIDATE_PRODUCT = YES;
			};
			name = Release;
		};
		D34629591C819AB60095514B /* Debug */ = {
			isa = XCBuildConfiguration;
			baseConfigurationReference = 83B6B047C7B0811BCF790DA5 /* Pods-weather.debug.xcconfig */;
			buildSettings = {
				ASSETCATALOG_COMPILER_APPICON_NAME = AppIcon;
				INFOPLIST_FILE = weather/Info.plist;
				IPHONEOS_DEPLOYMENT_TARGET = 9.1;
				LD_RUNPATH_SEARCH_PATHS = "$(inherited) @executable_path/Frameworks";
				PRODUCT_BUNDLE_IDENTIFIER = com.changsoon.weather;
				PRODUCT_NAME = "$(TARGET_NAME)";
			};
			name = Debug;
		};
		D346295A1C819AB60095514B /* Release */ = {
			isa = XCBuildConfiguration;
			baseConfigurationReference = E7769B64307563E57180C25B /* Pods-weather.release.xcconfig */;
			buildSettings = {
				ASSETCATALOG_COMPILER_APPICON_NAME = AppIcon;
				INFOPLIST_FILE = weather/Info.plist;
				IPHONEOS_DEPLOYMENT_TARGET = 9.1;
				LD_RUNPATH_SEARCH_PATHS = "$(inherited) @executable_path/Frameworks";
				PRODUCT_BUNDLE_IDENTIFIER = com.changsoon.weather;
				PRODUCT_NAME = "$(TARGET_NAME)";
			};
			name = Release;
		};
/* End XCBuildConfiguration section */

/* Begin XCConfigurationList section */
		D34629411C819AB60095514B /* Build configuration list for PBXProject "weather" */ = {
			isa = XCConfigurationList;
			buildConfigurations = (
				D34629561C819AB60095514B /* Debug */,
				D34629571C819AB60095514B /* Release */,
			);
			defaultConfigurationIsVisible = 0;
			defaultConfigurationName = Release;
		};
		D34629581C819AB60095514B /* Build configuration list for PBXNativeTarget "weather" */ = {
			isa = XCConfigurationList;
			buildConfigurations = (
				D34629591C819AB60095514B /* Debug */,
				D346295A1C819AB60095514B /* Release */,
			);
			defaultConfigurationIsVisible = 0;
			defaultConfigurationName = Release;
		};
/* End XCConfigurationList section */
	};
	rootObject = D346293E1C819AB60095514B /* Project object */;
}
